<?xml version="1.0" encoding="UTF-8" standalone="yes" ?>
<CodeBlocks_project_file>
	<FileVersion major="1" minor="6" />
	<Project>
		<Option title="Tetris" />
		<Option pch_mode="2" />
		<Option compiler="gcc" />
		<Build>
			<Target title="Debug">
				<Option output="bin/Debug/Tetris" prefix_auto="1" extension_auto="1" />
				<Option object_output="obj/Debug/" />
				<Option type="1" />
				<Option compiler="gcc" />
				<Compiler>
					<Add option="-g3" />
					<Add option="-Werror" />
					<Add option="-Wall" />
					<Add option="-Wextra" />
					<Add option="-O0" />
				</Compiler>
			</Target>
			<Target title="Release">
				<Option output="bin/Release/Tetris" prefix_auto="1" extension_auto="1" />
				<Option object_output="obj/Release/" />
				<Option type="1" />
				<Option compiler="gcc" />
				<Compiler>
					<Add option="-O2" />
					<Add option="-g0" />
				</Compiler>
				<Linker>
					<Add option="-s" />
				</Linker>
			</Target>
		</Build>
		<Compiler>
			<Add option="-Wall" />
		</Compiler>
		<Unit filename="eventHandler.c">
			<Option compilerVar="CC" />
		</Unit>
		<Unit filename="eventHandler.h" />
		<Unit filename="helper.c">
			<Option compilerVar="CC" />
		</Unit>
		<Unit filename="helper.h" />
		<Unit filename="linuxSpecific.c">
			<Option compilerVar="CC" />
		</Unit>
		<Unit filename="linuxSpecific.h" />
		<Unit filename="main.c">
			<Option compilerVar="CC" />
		</Unit>
		<Unit filename="main.h" />
		<Unit filename="menus.c">
			<Option compilerVar="CC" />
		</Unit>
		<Unit filename="menus.h" />
		<Unit filename="pcg_basic.c">
			<Option compilerVar="CC" />
		</Unit>
		<Unit filename="pcg_basic.h" />
		<Unit filename="print.c">
			<Option compilerVar="CC" />
		</Unit>
		<Unit filename="print.h" />
		<Unit filename="scoreboard.c">
			<Option compilerVar="CC" />
		</Unit>
		<Unit filename="scoreboard.h" />
		<Unit filename="tetrominos.c">
			<Option compilerVar="CC" />
		</Unit>
		<Unit filename="tetrominos.h" />
		<Extensions>
			<code_completion />
			<envvars />
			<debugger />
			<lib_finder disable_auto="1" />
		</Extensions>
	</Project>
</CodeBlocks_project_file>
